{
    "_readme": [
        "This file locks the dependencies of your project to a known state",
        "Read more about it at https://getcomposer.org/doc/01-basic-usage.md#composer-lock-the-lock-file",
        "This file is @generated automatically"
    ],
    "content-hash": "aac7792f14685bbbf2f9cb4d3db31c00",
    "packages": [
        {
            "name": "delight-im/cookie",
            "version": "v3.1.2",
            "source": {
                "type": "git",
                "url": "https://github.com/delight-im/PHP-Cookie.git",
                "reference": "b3ca3233dd1e1e91efb259b9b717a1c941d67ecc"
            },
            "dist": {
                "type": "zip",
                "url": "https://api.github.com/repos/delight-im/PHP-Cookie/zipball/b3ca3233dd1e1e91efb259b9b717a1c941d67ecc",
                "reference": "b3ca3233dd1e1e91efb259b9b717a1c941d67ecc",
                "shasum": ""
            },
            "require": {
                "delight-im/http": "^2.0",
                "php": ">=5.4.0"
            },
            "type": "library",
            "autoload": {
                "psr-4": {
                    "Delight\\Cookie\\": "src/"
                }
            },
            "notification-url": "https://packagist.org/downloads/",
            "license": [
                "MIT"
            ],
            "description": "Modern cookie management for PHP",
            "homepage": "https://github.com/delight-im/PHP-Cookie",
            "keywords": [
                "cookie",
                "cookies",
                "csrf",
                "http",
                "same-site",
                "samesite",
                "xss"
            ],
            "time": "2018-10-11T17:27:45+00:00"
        },
        {
            "name": "delight-im/http",
            "version": "v2.0.0",
            "source": {
                "type": "git",
                "url": "https://github.com/delight-im/PHP-HTTP.git",
                "reference": "0a19a72a7eac8b1301aa972fb20cff494ac43e09"
            },
            "dist": {
                "type": "zip",
                "url": "https://api.github.com/repos/delight-im/PHP-HTTP/zipball/0a19a72a7eac8b1301aa972fb20cff494ac43e09",
                "reference": "0a19a72a7eac8b1301aa972fb20cff494ac43e09",
                "shasum": ""
            },
            "require": {
                "php": ">=5.3.0"
            },
            "type": "library",
            "autoload": {
                "psr-4": {
                    "Delight\\Http\\": "src/"
                }
            },
            "notification-url": "https://packagist.org/downloads/",
            "license": [
                "MIT"
            ],
            "description": "Hypertext Transfer Protocol (HTTP) utilities for PHP",
            "homepage": "https://github.com/delight-im/PHP-HTTP",
            "keywords": [
                "headers",
                "http",
                "https"
            ],
            "time": "2016-07-21T15:05:01+00:00"
        },
        {
            "name": "dompdf/dompdf",
            "version": "v0.8.3",
            "source": {
                "type": "git",
                "url": "https://github.com/dompdf/dompdf.git",
                "reference": "75f13c700009be21a1965dc2c5b68a8708c22ba2"
            },
            "dist": {
                "type": "zip",
                "url": "https://api.github.com/repos/dompdf/dompdf/zipball/75f13c700009be21a1965dc2c5b68a8708c22ba2",
                "reference": "75f13c700009be21a1965dc2c5b68a8708c22ba2",
                "shasum": ""
            },
            "require": {
                "ext-dom": "*",
                "ext-mbstring": "*",
                "phenx/php-font-lib": "0.5.*",
                "phenx/php-svg-lib": "0.3.*",
                "php": ">=5.4.0"
            },
            "require-dev": {
                "phpunit/phpunit": "^4.8|^5.5|^6.5",
                "squizlabs/php_codesniffer": "2.*"
            },
            "suggest": {
                "ext-gd": "Needed to process images",
                "ext-gmagick": "Improves image processing performance",
                "ext-imagick": "Improves image processing performance"
            },
            "type": "library",
            "extra": {
                "branch-alias": {
                    "dev-develop": "0.7-dev"
                }
            },
            "autoload": {
                "psr-4": {
                    "Dompdf\\": "src/"
                },
                "classmap": [
                    "lib/"
                ]
            },
            "notification-url": "https://packagist.org/downloads/",
            "license": [
                "LGPL-2.1"
            ],
            "authors": [
                {
                    "name": "Fabien Ménager",
                    "email": "fabien.menager@gmail.com"
                },
                {
                    "name": "Brian Sweeney",
                    "email": "eclecticgeek@gmail.com"
                },
                {
                    "name": "Gabriel Bull",
                    "email": "me@gabrielbull.com"
                }
            ],
            "description": "DOMPDF is a CSS 2.1 compliant HTML to PDF converter",
            "homepage": "https://github.com/dompdf/dompdf",
            "time": "2018-12-14T02:40:31+00:00"
        },
        {
            "name": "lcobucci/jwt",
            "version": "3.2.5",
            "source": {
                "type": "git",
                "url": "https://github.com/lcobucci/jwt.git",
                "reference": "82be04b4753f8b7693b62852b7eab30f97524f9b"
            },
            "dist": {
                "type": "zip",
                "url": "https://api.github.com/repos/lcobucci/jwt/zipball/82be04b4753f8b7693b62852b7eab30f97524f9b",
                "reference": "82be04b4753f8b7693b62852b7eab30f97524f9b",
                "shasum": ""
            },
            "require": {
                "ext-openssl": "*",
                "php": ">=5.5"
            },
            "require-dev": {
                "mdanter/ecc": "~0.3.1",
                "mikey179/vfsstream": "~1.5",
                "phpmd/phpmd": "~2.2",
                "phpunit/php-invoker": "~1.1",
                "phpunit/phpunit": "~4.5",
                "squizlabs/php_codesniffer": "~2.3"
            },
            "suggest": {
                "mdanter/ecc": "Required to use Elliptic Curves based algorithms."
            },
            "type": "library",
            "extra": {
                "branch-alias": {
                    "dev-master": "3.1-dev"
                }
            },
            "autoload": {
                "psr-4": {
                    "Lcobucci\\JWT\\": "src"
                }
            },
            "notification-url": "https://packagist.org/downloads/",
            "license": [
                "BSD-3-Clause"
            ],
            "authors": [
                {
                    "name": "Luís Otávio Cobucci Oblonczyk",
                    "email": "lcobucci@gmail.com",
                    "role": "Developer"
                }
            ],
            "description": "A simple library to work with JSON Web Token and JSON Web Signature",
            "keywords": [
                "JWS",
                "jwt"
            ],
            "time": "2018-11-11T12:22:26+00:00"
        },
        {
            "name": "mikehaertl/php-shellcommand",
            "version": "1.4.1",
            "source": {
                "type": "git",
                "url": "https://github.com/mikehaertl/php-shellcommand.git",
                "reference": "903ee95d3ee8f65ebbe4c6e17705d1d91760521a"
            },
            "dist": {
                "type": "zip",
                "url": "https://api.github.com/repos/mikehaertl/php-shellcommand/zipball/903ee95d3ee8f65ebbe4c6e17705d1d91760521a",
                "reference": "903ee95d3ee8f65ebbe4c6e17705d1d91760521a",
                "shasum": ""
            },
            "require": {
                "php": ">= 5.4.0"
            },
            "type": "library",
            "autoload": {
                "psr-4": {
                    "mikehaertl\\shellcommand\\": "src/"
                }
            },
            "notification-url": "https://packagist.org/downloads/",
            "license": [
                "MIT"
            ],
            "authors": [
                {
                    "name": "Michael Härtl",
                    "email": "haertl.mike@gmail.com"
                }
            ],
            "description": "An object oriented interface to shell commands",
            "keywords": [
                "shell"
            ],
            "time": "2018-07-07T07:35:36+00:00"
        },
        {
            "name": "mikehaertl/php-tmpfile",
            "version": "1.1.1",
            "source": {
                "type": "git",
                "url": "https://github.com/mikehaertl/php-tmpfile.git",
                "reference": "0ff48ed52ffee46d0f21fc34e8806f15467eb9b1"
            },
            "dist": {
                "type": "zip",
                "url": "https://api.github.com/repos/mikehaertl/php-tmpfile/zipball/0ff48ed52ffee46d0f21fc34e8806f15467eb9b1",
                "reference": "0ff48ed52ffee46d0f21fc34e8806f15467eb9b1",
                "shasum": ""
            },
            "type": "library",
            "autoload": {
                "psr-4": {
                    "mikehaertl\\tmp\\": "src/"
                }
            },
            "notification-url": "https://packagist.org/downloads/",
            "license": [
                "MIT"
            ],
            "authors": [
                {
                    "name": "Michael Härtl",
                    "email": "haertl.mike@gmail.com"
                }
            ],
            "description": "A convenience class for temporary files",
            "keywords": [
                "files"
            ],
            "time": "2017-08-28T11:21:51+00:00"
        },
        {
            "name": "mikehaertl/phpwkhtmltopdf",
            "version": "2.3.1",
            "source": {
                "type": "git",
                "url": "https://github.com/mikehaertl/phpwkhtmltopdf.git",
                "reference": "45974cc1f0b99a8200aeedac6b692934a8a592cd"
            },
            "dist": {
                "type": "zip",
                "url": "https://api.github.com/repos/mikehaertl/phpwkhtmltopdf/zipball/45974cc1f0b99a8200aeedac6b692934a8a592cd",
                "reference": "45974cc1f0b99a8200aeedac6b692934a8a592cd",
                "shasum": ""
            },
            "require": {
                "mikehaertl/php-shellcommand": "^1.0.2",
                "mikehaertl/php-tmpfile": "^1.0.0",
                "php": ">=5.0.0"
            },
            "type": "library",
            "extra": {
                "branch-alias": {
                    "dev-master": "2.0.x-dev"
                }
            },
            "autoload": {
                "psr-4": {
                    "mikehaertl\\wkhtmlto\\": "src/"
                }
            },
            "notification-url": "https://packagist.org/downloads/",
            "license": [
                "MIT"
            ],
            "authors": [
                {
                    "name": "Michael Haertl",
                    "email": "haertl.mike@gmail.com"
                }
            ],
            "description": "A slim PHP wrapper around wkhtmltopdf with an easy to use and clean OOP interface",
            "homepage": "http://mikehaertl.github.com/phpwkhtmltopdf/",
            "keywords": [
                "pdf",
                "wkhtmltoimage",
                "wkhtmltopdf"
            ],
            "time": "2018-02-18T10:54:00+00:00"
        },
        {
            "name": "nesbot/carbon",
            "version": "1.36.2",
            "source": {
                "type": "git",
                "url": "https://github.com/briannesbitt/Carbon.git",
                "reference": "cd324b98bc30290f233dd0e75e6ce49f7ab2a6c9"
            },
            "dist": {
                "type": "zip",
                "url": "https://api.github.com/repos/briannesbitt/Carbon/zipball/cd324b98bc30290f233dd0e75e6ce49f7ab2a6c9",
                "reference": "cd324b98bc30290f233dd0e75e6ce49f7ab2a6c9",
                "shasum": ""
            },
            "require": {
                "php": ">=5.3.9",
                "symfony/translation": "~2.6 || ~3.0 || ~4.0"
            },
            "require-dev": {
                "phpunit/phpunit": "^4.8.35 || ^5.7"
            },
            "suggest": {
                "friendsofphp/php-cs-fixer": "Needed for the `composer phpcs` command. Allow to automatically fix code style.",
                "phpstan/phpstan": "Needed for the `composer phpstan` command. Allow to detect potential errors."
            },
            "type": "library",
            "extra": {
                "laravel": {
                    "providers": [
                        "Carbon\\Laravel\\ServiceProvider"
                    ]
                }
            },
            "autoload": {
                "psr-4": {
                    "": "src/"
                }
            },
            "notification-url": "https://packagist.org/downloads/",
            "license": [
                "MIT"
            ],
            "authors": [
                {
                    "name": "Brian Nesbitt",
                    "email": "brian@nesbot.com",
                    "homepage": "http://nesbot.com"
                }
            ],
            "description": "A simple API extension for DateTime.",
            "homepage": "http://carbon.nesbot.com",
            "keywords": [
                "date",
                "datetime",
                "time"
            ],
            "time": "2018-12-28T10:07:33+00:00"
        },
        {
            "name": "phenx/php-font-lib",
            "version": "0.5.1",
            "source": {
                "type": "git",
                "url": "https://github.com/PhenX/php-font-lib.git",
                "reference": "760148820110a1ae0936e5cc35851e25a938bc97"
            },
            "dist": {
                "type": "zip",
                "url": "https://api.github.com/repos/PhenX/php-font-lib/zipball/760148820110a1ae0936e5cc35851e25a938bc97",
                "reference": "760148820110a1ae0936e5cc35851e25a938bc97",
                "shasum": ""
            },
            "require-dev": {
                "phpunit/phpunit": "^4.8"
            },
            "type": "library",
            "autoload": {
                "psr-4": {
                    "FontLib\\": "src/FontLib"
                }
            },
            "notification-url": "https://packagist.org/downloads/",
            "license": [
                "LGPL-3.0"
            ],
            "authors": [
                {
                    "name": "Fabien Ménager",
                    "email": "fabien.menager@gmail.com"
                }
            ],
            "description": "A library to read, parse, export and make subsets of different types of font files.",
            "homepage": "https://github.com/PhenX/php-font-lib",
            "time": "2017-09-13T16:14:37+00:00"
        },
        {
            "name": "phenx/php-svg-lib",
            "version": "v0.3.2",
            "source": {
                "type": "git",
                "url": "https://github.com/PhenX/php-svg-lib.git",
                "reference": "ccc46ef6340d4b8a4a68047e68d8501ea961442c"
            },
            "dist": {
                "type": "zip",
                "url": "https://api.github.com/repos/PhenX/php-svg-lib/zipball/ccc46ef6340d4b8a4a68047e68d8501ea961442c",
                "reference": "ccc46ef6340d4b8a4a68047e68d8501ea961442c",
                "shasum": ""
            },
            "require": {
                "sabberworm/php-css-parser": "8.1.*"
            },
            "require-dev": {
                "phpunit/phpunit": "~5.0"
            },
            "type": "library",
            "autoload": {
                "psr-0": {
                    "Svg\\": "src/"
                }
            },
            "notification-url": "https://packagist.org/downloads/",
            "license": [
                "LGPL-3.0"
            ],
            "authors": [
                {
                    "name": "Fabien Ménager",
                    "email": "fabien.menager@gmail.com"
                }
            ],
            "description": "A library to read, parse and export to PDF SVG files.",
            "homepage": "https://github.com/PhenX/php-svg-lib",
            "time": "2018-06-03T10:10:03+00:00"
        },
        {
            "name": "phpseclib/phpseclib",
            "version": "2.0.14",
            "source": {
                "type": "git",
                "url": "https://github.com/phpseclib/phpseclib.git",
                "reference": "8ebfcadbf30524aeb75b2c446bc2519d5b321478"
            },
            "dist": {
                "type": "zip",
                "url": "https://api.github.com/repos/phpseclib/phpseclib/zipball/8ebfcadbf30524aeb75b2c446bc2519d5b321478",
                "reference": "8ebfcadbf30524aeb75b2c446bc2519d5b321478",
                "shasum": ""
            },
            "require": {
                "php": ">=5.3.3"
            },
            "require-dev": {
                "phing/phing": "~2.7",
                "phpunit/phpunit": "^4.8.35|^5.7|^6.0",
                "sami/sami": "~2.0",
                "squizlabs/php_codesniffer": "~2.0"
            },
            "suggest": {
                "ext-gmp": "Install the GMP (GNU Multiple Precision) extension in order to speed up arbitrary precision integer arithmetic operations.",
                "ext-libsodium": "SSH2/SFTP can make use of some algorithms provided by the libsodium-php extension.",
                "ext-mcrypt": "Install the Mcrypt extension in order to speed up a few other cryptographic operations.",
                "ext-openssl": "Install the OpenSSL extension in order to speed up a wide variety of cryptographic operations."
            },
            "type": "library",
            "autoload": {
                "files": [
                    "phpseclib/bootstrap.php"
                ],
                "psr-4": {
                    "phpseclib\\": "phpseclib/"
                }
            },
            "notification-url": "https://packagist.org/downloads/",
            "license": [
                "MIT"
            ],
            "authors": [
                {
                    "name": "Jim Wigginton",
                    "email": "terrafrost@php.net",
                    "role": "Lead Developer"
                },
                {
                    "name": "Patrick Monnerat",
                    "email": "pm@datasphere.ch",
                    "role": "Developer"
                },
                {
                    "name": "Andreas Fischer",
                    "email": "bantu@phpbb.com",
                    "role": "Developer"
                },
                {
                    "name": "Hans-Jürgen Petrich",
                    "email": "petrich@tronic-media.com",
                    "role": "Developer"
                },
                {
                    "name": "Graham Campbell",
                    "email": "graham@alt-three.com",
                    "role": "Developer"
                }
            ],
            "description": "PHP Secure Communications Library - Pure-PHP implementations of RSA, AES, SSH2, SFTP, X.509 etc.",
            "homepage": "http://phpseclib.sourceforge.net",
            "keywords": [
                "BigInteger",
                "aes",
                "asn.1",
                "asn1",
                "blowfish",
                "crypto",
                "cryptography",
                "encryption",
                "rsa",
                "security",
                "sftp",
                "signature",
                "signing",
                "ssh",
                "twofish",
                "x.509",
                "x509"
            ],
            "time": "2019-01-27T19:37:29+00:00"
        },
        {
            "name": "sabberworm/php-css-parser",
            "version": "8.1.0",
            "source": {
                "type": "git",
                "url": "https://github.com/sabberworm/PHP-CSS-Parser.git",
                "reference": "850cbbcbe7fbb155387a151ea562897a67e242ef"
            },
            "dist": {
                "type": "zip",
                "url": "https://api.github.com/repos/sabberworm/PHP-CSS-Parser/zipball/850cbbcbe7fbb155387a151ea562897a67e242ef",
                "reference": "850cbbcbe7fbb155387a151ea562897a67e242ef",
                "shasum": ""
            },
            "require": {
                "php": ">=5.3.2"
            },
            "require-dev": {
                "phpunit/phpunit": "*"
            },
            "type": "library",
            "autoload": {
                "psr-0": {
                    "Sabberworm\\CSS": "lib/"
                }
            },
            "notification-url": "https://packagist.org/downloads/",
            "license": [
                "MIT"
            ],
            "authors": [
                {
                    "name": "Raphael Schweikert"
                }
            ],
            "description": "Parser for CSS Files written in PHP",
            "homepage": "http://www.sabberworm.com/blog/2010/6/10/php-css-parser",
            "keywords": [
                "css",
                "parser",
                "stylesheet"
            ],
            "time": "2016-07-19T19:14:21+00:00"
        },
        {
            "name": "symfony/polyfill-mbstring",
            "version": "v1.10.0",
            "source": {
                "type": "git",
                "url": "https://github.com/symfony/polyfill-mbstring.git",
                "reference": "c79c051f5b3a46be09205c73b80b346e4153e494"
            },
            "dist": {
                "type": "zip",
                "url": "https://api.github.com/repos/symfony/polyfill-mbstring/zipball/c79c051f5b3a46be09205c73b80b346e4153e494",
                "reference": "c79c051f5b3a46be09205c73b80b346e4153e494",
                "shasum": ""
            },
            "require": {
                "php": ">=5.3.3"
            },
            "suggest": {
                "ext-mbstring": "For best performance"
            },
            "type": "library",
            "extra": {
                "branch-alias": {
                    "dev-master": "1.9-dev"
                }
            },
            "autoload": {
                "psr-4": {
                    "Symfony\\Polyfill\\Mbstring\\": ""
                },
                "files": [
                    "bootstrap.php"
                ]
            },
            "notification-url": "https://packagist.org/downloads/",
            "license": [
                "MIT"
            ],
            "authors": [
                {
                    "name": "Nicolas Grekas",
                    "email": "p@tchwork.com"
                },
                {
                    "name": "Symfony Community",
                    "homepage": "https://symfony.com/contributors"
                }
            ],
            "description": "Symfony polyfill for the Mbstring extension",
            "homepage": "https://symfony.com",
            "keywords": [
                "compatibility",
                "mbstring",
                "polyfill",
                "portable",
                "shim"
            ],
            "time": "2018-09-21T13:07:52+00:00"
        },
        {
            "name": "symfony/translation",
            "version": "v3.4.22",
            "source": {
                "type": "git",
                "url": "https://github.com/symfony/translation.git",
                "reference": "81cfcd6935cb7505640153576c1f9155b2a179c1"
            },
            "dist": {
                "type": "zip",
                "url": "https://api.github.com/repos/symfony/translation/zipball/81cfcd6935cb7505640153576c1f9155b2a179c1",
                "reference": "81cfcd6935cb7505640153576c1f9155b2a179c1",
                "shasum": ""
            },
            "require": {
                "php": "^5.5.9|>=7.0.8",
                "symfony/polyfill-mbstring": "~1.0"
            },
            "conflict": {
                "symfony/config": "<2.8",
                "symfony/dependency-injection": "<3.4",
                "symfony/yaml": "<3.4"
            },
            "require-dev": {
                "psr/log": "~1.0",
                "symfony/config": "~2.8|~3.0|~4.0",
                "symfony/dependency-injection": "~3.4|~4.0",
                "symfony/finder": "~2.8|~3.0|~4.0",
                "symfony/intl": "^2.8.18|^3.2.5|~4.0",
                "symfony/yaml": "~3.4|~4.0"
            },
            "suggest": {
                "psr/log-implementation": "To use logging capability in translator",
                "symfony/config": "",
                "symfony/yaml": ""
            },
            "type": "library",
            "extra": {
                "branch-alias": {
                    "dev-master": "3.4-dev"
                }
            },
            "autoload": {
                "psr-4": {
                    "Symfony\\Component\\Translation\\": ""
                },
                "exclude-from-classmap": [
                    "/Tests/"
                ]
            },
            "notification-url": "https://packagist.org/downloads/",
            "license": [
                "MIT"
            ],
            "authors": [
                {
                    "name": "Fabien Potencier",
                    "email": "fabien@symfony.com"
                },
                {
                    "name": "Symfony Community",
                    "homepage": "https://symfony.com/contributors"
                }
            ],
            "description": "Symfony Translation Component",
            "homepage": "https://symfony.com",
            "time": "2019-01-25T10:00:44+00:00"
        },
        {
            "name": "tecnickcom/tcpdf",
            "version": "6.2.26",
            "source": {
                "type": "git",
                "url": "https://github.com/tecnickcom/TCPDF.git",
                "reference": "367241059ca166e3a76490f4448c284e0a161f15"
            },
            "dist": {
                "type": "zip",
                "url": "https://api.github.com/repos/tecnickcom/TCPDF/zipball/367241059ca166e3a76490f4448c284e0a161f15",
                "reference": "367241059ca166e3a76490f4448c284e0a161f15",
                "shasum": ""
            },
            "require": {
                "php": ">=5.3.0"
            },
            "type": "library",
            "autoload": {
                "classmap": [
                    "config",
                    "include",
                    "tcpdf.php",
                    "tcpdf_parser.php",
                    "tcpdf_import.php",
                    "tcpdf_barcodes_1d.php",
                    "tcpdf_barcodes_2d.php",
                    "include/tcpdf_colors.php",
                    "include/tcpdf_filters.php",
                    "include/tcpdf_font_data.php",
                    "include/tcpdf_fonts.php",
                    "include/tcpdf_images.php",
                    "include/tcpdf_static.php",
                    "include/barcodes/datamatrix.php",
                    "include/barcodes/pdf417.php",
                    "include/barcodes/qrcode.php"
                ]
            },
            "notification-url": "https://packagist.org/downloads/",
            "license": [
                "LGPL-3.0"
            ],
            "authors": [
                {
                    "name": "Nicola Asuni",
                    "email": "info@tecnick.com",
                    "role": "lead"
                }
            ],
            "description": "TCPDF is a PHP class for generating PDF documents and barcodes.",
            "homepage": "http://www.tcpdf.org/",
            "keywords": [
                "PDFD32000-2008",
                "TCPDF",
                "barcodes",
                "datamatrix",
                "pdf",
                "pdf417",
                "qrcode"
            ],
            "time": "2018-10-16T17:24:05+00:00"
        }
    ],
    "packages-dev": [],
    "aliases": [],
    "minimum-stability": "stable",
    "stability-flags": [],
    "prefer-stable": false,
    "prefer-lowest": false,
    "platform": {
        "php": ">=7.0"
    },
    "platform-dev": []
}
